
Microsoft Visual Studio Solution File, Format Version 12.00
# Visual Studio Version 17
VisualStudioVersion = 17.0.31903.59
MinimumVisualStudioVersion = 10.0.40219.1
Project("{2150E333-8FDC-42A3-9474-1A3956D46DE8}") = "src", "src", "{827E0CD3-B72D-47B6-A68D-7590B98EB39B}"
EndProject
Project("{FAE04EC0-301F-11D3-BF4B-00C04F79EFBC}") = "AppHost", "src\AppHost\AppHost.csproj", "{49AE7C2C-59EE-44ED-A202-51EA3C38FE71}"
EndProject
Project("{FAE04EC0-301F-11D3-BF4B-00C04F79EFBC}") = "BudgetLens.Core", "src\BudgetLens.Core\BudgetLens.Core.csproj", "{21053466-D978-4B23-8A77-682B88397574}"
EndProject
Project("{FAE04EC0-301F-11D3-BF4B-00C04F79EFBC}") = "BudgetLens.Application", "src\BudgetLens.Application\BudgetLens.Application.csproj", "{F3BFBD9F-F120-407A-8E53-AECD8A38AC1D}"
EndProject
Project("{FAE04EC0-301F-11D3-BF4B-00C04F79EFBC}") = "BudgetLens.Infrastructure", "src\BudgetLens.Infrastructure\BudgetLens.Infrastructure.csproj", "{77044D1E-BF6B-440F-8C72-B19B54CC0CFF}"
EndProject
Project("{2150E333-8FDC-42A3-9474-1A3956D46DE8}") = "tests", "tests", "{0AB3BF05-4346-4AA6-1389-037BE0695223}"
EndProject
Project("{FAE04EC0-301F-11D3-BF4B-00C04F79EFBC}") = "BudgetLens.Core.Tests", "tests\BudgetLens.Core.Tests\BudgetLens.Core.Tests.csproj", "{75F9E077-8746-4664-896A-E49785928994}"
EndProject
Project("{FAE04EC0-301F-11D3-BF4B-00C04F79EFBC}") = "BudgetLens.Application.Tests", "tests\BudgetLens.Application.Tests\BudgetLens.Application.Tests.csproj", "{1D77309A-FD7A-4BD9-9BDA-A49029C44F97}"
EndProject
Project("{FAE04EC0-301F-11D3-BF4B-00C04F79EFBC}") = "BudgetLens.Api.Tests", "tests\BudgetLens.Api.Tests\BudgetLens.Api.Tests.csproj", "{EA793AAF-643C-4928-8A8A-BD773908CFBB}"
EndProject
Project("{FAE04EC0-301F-11D3-BF4B-00C04F79EFBC}") = "BudgetLens.Infrastructure.Tests", "tests\BudgetLens.Infrastructure.Tests\BudgetLens.Infrastructure.Tests.csproj", "{011285B7-7676-4A7E-AE1D-0BF46389E09E}"
EndProject
Project("{FAE04EC0-301F-11D3-BF4B-00C04F79EFBC}") = "BudgetLens.Api", "src\BudgetLens.Api\BudgetLens.Api.csproj", "{A249AD10-B9B1-4ACD-A779-044DB8B7960E}"
EndProject
Global
	GlobalSection(SolutionConfigurationPlatforms) = preSolution
		Debug|Any CPU = Debug|Any CPU
		Debug|x64 = Debug|x64
		Debug|x86 = Debug|x86
		Release|Any CPU = Release|Any CPU
		Release|x64 = Release|x64
		Release|x86 = Release|x86
	EndGlobalSection
	GlobalSection(ProjectConfigurationPlatforms) = postSolution
		{49AE7C2C-59EE-44ED-A202-51EA3C38FE71}.Debug|Any CPU.ActiveCfg = Debug|Any CPU
		{49AE7C2C-59EE-44ED-A202-51EA3C38FE71}.Debug|Any CPU.Build.0 = Debug|Any CPU
		{49AE7C2C-59EE-44ED-A202-51EA3C38FE71}.Debug|x64.ActiveCfg = Debug|Any CPU
		{49AE7C2C-59EE-44ED-A202-51EA3C38FE71}.Debug|x64.Build.0 = Debug|Any CPU
		{49AE7C2C-59EE-44ED-A202-51EA3C38FE71}.Debug|x86.ActiveCfg = Debug|Any CPU
		{49AE7C2C-59EE-44ED-A202-51EA3C38FE71}.Debug|x86.Build.0 = Debug|Any CPU
		{49AE7C2C-59EE-44ED-A202-51EA3C38FE71}.Release|Any CPU.ActiveCfg = Release|Any CPU
		{49AE7C2C-59EE-44ED-A202-51EA3C38FE71}.Release|Any CPU.Build.0 = Release|Any CPU
		{49AE7C2C-59EE-44ED-A202-51EA3C38FE71}.Release|x64.ActiveCfg = Release|Any CPU
		{49AE7C2C-59EE-44ED-A202-51EA3C38FE71}.Release|x64.Build.0 = Release|Any CPU
		{49AE7C2C-59EE-44ED-A202-51EA3C38FE71}.Release|x86.ActiveCfg = Release|Any CPU
		{49AE7C2C-59EE-44ED-A202-51EA3C38FE71}.Release|x86.Build.0 = Release|Any CPU
		{21053466-D978-4B23-8A77-682B88397574}.Debug|Any CPU.ActiveCfg = Debug|Any CPU
		{21053466-D978-4B23-8A77-682B88397574}.Debug|Any CPU.Build.0 = Debug|Any CPU
		{21053466-D978-4B23-8A77-682B88397574}.Debug|x64.ActiveCfg = Debug|Any CPU
		{21053466-D978-4B23-8A77-682B88397574}.Debug|x64.Build.0 = Debug|Any CPU
		{21053466-D978-4B23-8A77-682B88397574}.Debug|x86.ActiveCfg = Debug|Any CPU
		{21053466-D978-4B23-8A77-682B88397574}.Debug|x86.Build.0 = Debug|Any CPU
		{21053466-D978-4B23-8A77-682B88397574}.Release|Any CPU.ActiveCfg = Release|Any CPU
		{21053466-D978-4B23-8A77-682B88397574}.Release|Any CPU.Build.0 = Release|Any CPU
		{21053466-D978-4B23-8A77-682B88397574}.Release|x64.ActiveCfg = Release|Any CPU
		{21053466-D978-4B23-8A77-682B88397574}.Release|x64.Build.0 = Release|Any CPU
		{21053466-D978-4B23-8A77-682B88397574}.Release|x86.ActiveCfg = Release|Any CPU
		{21053466-D978-4B23-8A77-682B88397574}.Release|x86.Build.0 = Release|Any CPU
		{F3BFBD9F-F120-407A-8E53-AECD8A38AC1D}.Debug|Any CPU.ActiveCfg = Debug|Any CPU
		{F3BFBD9F-F120-407A-8E53-AECD8A38AC1D}.Debug|Any CPU.Build.0 = Debug|Any CPU
		{F3BFBD9F-F120-407A-8E53-AECD8A38AC1D}.Debug|x64.ActiveCfg = Debug|Any CPU
		{F3BFBD9F-F120-407A-8E53-AECD8A38AC1D}.Debug|x64.Build.0 = Debug|Any CPU
		{F3BFBD9F-F120-407A-8E53-AECD8A38AC1D}.Debug|x86.ActiveCfg = Debug|Any CPU
		{F3BFBD9F-F120-407A-8E53-AECD8A38AC1D}.Debug|x86.Build.0 = Debug|Any CPU
		{F3BFBD9F-F120-407A-8E53-AECD8A38AC1D}.Release|Any CPU.ActiveCfg = Release|Any CPU
		{F3BFBD9F-F120-407A-8E53-AECD8A38AC1D}.Release|Any CPU.Build.0 = Release|Any CPU
		{F3BFBD9F-F120-407A-8E53-AECD8A38AC1D}.Release|x64.ActiveCfg = Release|Any CPU
		{F3BFBD9F-F120-407A-8E53-AECD8A38AC1D}.Release|x64.Build.0 = Release|Any CPU
		{F3BFBD9F-F120-407A-8E53-AECD8A38AC1D}.Release|x86.ActiveCfg = Release|Any CPU
		{F3BFBD9F-F120-407A-8E53-AECD8A38AC1D}.Release|x86.Build.0 = Release|Any CPU
		{77044D1E-BF6B-440F-8C72-B19B54CC0CFF}.Debug|Any CPU.ActiveCfg = Debug|Any CPU
		{77044D1E-BF6B-440F-8C72-B19B54CC0CFF}.Debug|Any CPU.Build.0 = Debug|Any CPU
		{77044D1E-BF6B-440F-8C72-B19B54CC0CFF}.Debug|x64.ActiveCfg = Debug|Any CPU
		{77044D1E-BF6B-440F-8C72-B19B54CC0CFF}.Debug|x64.Build.0 = Debug|Any CPU
		{77044D1E-BF6B-440F-8C72-B19B54CC0CFF}.Debug|x86.ActiveCfg = Debug|Any CPU
		{77044D1E-BF6B-440F-8C72-B19B54CC0CFF}.Debug|x86.Build.0 = Debug|Any CPU
		{77044D1E-BF6B-440F-8C72-B19B54CC0CFF}.Release|Any CPU.ActiveCfg = Release|Any CPU
		{77044D1E-BF6B-440F-8C72-B19B54CC0CFF}.Release|Any CPU.Build.0 = Release|Any CPU
		{77044D1E-BF6B-440F-8C72-B19B54CC0CFF}.Release|x64.ActiveCfg = Release|Any CPU
		{77044D1E-BF6B-440F-8C72-B19B54CC0CFF}.Release|x64.Build.0 = Release|Any CPU
		{77044D1E-BF6B-440F-8C72-B19B54CC0CFF}.Release|x86.ActiveCfg = Release|Any CPU
		{77044D1E-BF6B-440F-8C72-B19B54CC0CFF}.Release|x86.Build.0 = Release|Any CPU
		{75F9E077-8746-4664-896A-E49785928994}.Debug|Any CPU.ActiveCfg = Debug|Any CPU
		{75F9E077-8746-4664-896A-E49785928994}.Debug|Any CPU.Build.0 = Debug|Any CPU
		{75F9E077-8746-4664-896A-E49785928994}.Debug|x64.ActiveCfg = Debug|Any CPU
		{75F9E077-8746-4664-896A-E49785928994}.Debug|x64.Build.0 = Debug|Any CPU
		{75F9E077-8746-4664-896A-E49785928994}.Debug|x86.ActiveCfg = Debug|Any CPU
		{75F9E077-8746-4664-896A-E49785928994}.Debug|x86.Build.0 = Debug|Any CPU
		{75F9E077-8746-4664-896A-E49785928994}.Release|Any CPU.ActiveCfg = Release|Any CPU
		{75F9E077-8746-4664-896A-E49785928994}.Release|Any CPU.Build.0 = Release|Any CPU
		{75F9E077-8746-4664-896A-E49785928994}.Release|x64.ActiveCfg = Release|Any CPU
		{75F9E077-8746-4664-896A-E49785928994}.Release|x64.Build.0 = Release|Any CPU
		{75F9E077-8746-4664-896A-E49785928994}.Release|x86.ActiveCfg = Release|Any CPU
		{75F9E077-8746-4664-896A-E49785928994}.Release|x86.Build.0 = Release|Any CPU
		{1D77309A-FD7A-4BD9-9BDA-A49029C44F97}.Debug|Any CPU.ActiveCfg = Debug|Any CPU
		{1D77309A-FD7A-4BD9-9BDA-A49029C44F97}.Debug|Any CPU.Build.0 = Debug|Any CPU
		{1D77309A-FD7A-4BD9-9BDA-A49029C44F97}.Debug|x64.ActiveCfg = Debug|Any CPU
		{1D77309A-FD7A-4BD9-9BDA-A49029C44F97}.Debug|x64.Build.0 = Debug|Any CPU
		{1D77309A-FD7A-4BD9-9BDA-A49029C44F97}.Debug|x86.ActiveCfg = Debug|Any CPU
		{1D77309A-FD7A-4BD9-9BDA-A49029C44F97}.Debug|x86.Build.0 = Debug|Any CPU
		{1D77309A-FD7A-4BD9-9BDA-A49029C44F97}.Release|Any CPU.ActiveCfg = Release|Any CPU
		{1D77309A-FD7A-4BD9-9BDA-A49029C44F97}.Release|Any CPU.Build.0 = Release|Any CPU
		{1D77309A-FD7A-4BD9-9BDA-A49029C44F97}.Release|x64.ActiveCfg = Release|Any CPU
		{1D77309A-FD7A-4BD9-9BDA-A49029C44F97}.Release|x64.Build.0 = Release|Any CPU
		{1D77309A-FD7A-4BD9-9BDA-A49029C44F97}.Release|x86.ActiveCfg = Release|Any CPU
		{1D77309A-FD7A-4BD9-9BDA-A49029C44F97}.Release|x86.Build.0 = Release|Any CPU
		{EA793AAF-643C-4928-8A8A-BD773908CFBB}.Debug|Any CPU.ActiveCfg = Debug|Any CPU
		{EA793AAF-643C-4928-8A8A-BD773908CFBB}.Debug|Any CPU.Build.0 = Debug|Any CPU
		{EA793AAF-643C-4928-8A8A-BD773908CFBB}.Debug|x64.ActiveCfg = Debug|Any CPU
		{EA793AAF-643C-4928-8A8A-BD773908CFBB}.Debug|x64.Build.0 = Debug|Any CPU
		{EA793AAF-643C-4928-8A8A-BD773908CFBB}.Debug|x86.ActiveCfg = Debug|Any CPU
		{EA793AAF-643C-4928-8A8A-BD773908CFBB}.Debug|x86.Build.0 = Debug|Any CPU
		{EA793AAF-643C-4928-8A8A-BD773908CFBB}.Release|Any CPU.ActiveCfg = Release|Any CPU
		{EA793AAF-643C-4928-8A8A-BD773908CFBB}.Release|Any CPU.Build.0 = Release|Any CPU
		{EA793AAF-643C-4928-8A8A-BD773908CFBB}.Release|x64.ActiveCfg = Release|Any CPU
		{EA793AAF-643C-4928-8A8A-BD773908CFBB}.Release|x64.Build.0 = Release|Any CPU
		{EA793AAF-643C-4928-8A8A-BD773908CFBB}.Release|x86.ActiveCfg = Release|Any CPU
		{EA793AAF-643C-4928-8A8A-BD773908CFBB}.Release|x86.Build.0 = Release|Any CPU
		{011285B7-7676-4A7E-AE1D-0BF46389E09E}.Debug|Any CPU.ActiveCfg = Debug|Any CPU
		{011285B7-7676-4A7E-AE1D-0BF46389E09E}.Debug|Any CPU.Build.0 = Debug|Any CPU
		{011285B7-7676-4A7E-AE1D-0BF46389E09E}.Debug|x64.ActiveCfg = Debug|Any CPU
		{011285B7-7676-4A7E-AE1D-0BF46389E09E}.Debug|x64.Build.0 = Debug|Any CPU
		{011285B7-7676-4A7E-AE1D-0BF46389E09E}.Debug|x86.ActiveCfg = Debug|Any CPU
		{011285B7-7676-4A7E-AE1D-0BF46389E09E}.Debug|x86.Build.0 = Debug|Any CPU
		{011285B7-7676-4A7E-AE1D-0BF46389E09E}.Release|Any CPU.ActiveCfg = Release|Any CPU
		{011285B7-7676-4A7E-AE1D-0BF46389E09E}.Release|Any CPU.Build.0 = Release|Any CPU
		{011285B7-7676-4A7E-AE1D-0BF46389E09E}.Release|x64.ActiveCfg = Release|Any CPU
		{011285B7-7676-4A7E-AE1D-0BF46389E09E}.Release|x64.Build.0 = Release|Any CPU
		{011285B7-7676-4A7E-AE1D-0BF46389E09E}.Release|x86.ActiveCfg = Release|Any CPU
		{011285B7-7676-4A7E-AE1D-0BF46389E09E}.Release|x86.Build.0 = Release|Any CPU
		{A249AD10-B9B1-4ACD-A779-044DB8B7960E}.Debug|Any CPU.ActiveCfg = Debug|Any CPU
		{A249AD10-B9B1-4ACD-A779-044DB8B7960E}.Debug|Any CPU.Build.0 = Debug|Any CPU
		{A249AD10-B9B1-4ACD-A779-044DB8B7960E}.Debug|x64.ActiveCfg = Debug|Any CPU
		{A249AD10-B9B1-4ACD-A779-044DB8B7960E}.Debug|x64.Build.0 = Debug|Any CPU
		{A249AD10-B9B1-4ACD-A779-044DB8B7960E}.Debug|x86.ActiveCfg = Debug|Any CPU
		{A249AD10-B9B1-4ACD-A779-044DB8B7960E}.Debug|x86.Build.0 = Debug|Any CPU
		{A249AD10-B9B1-4ACD-A779-044DB8B7960E}.Release|Any CPU.ActiveCfg = Release|Any CPU
		{A249AD10-B9B1-4ACD-A779-044DB8B7960E}.Release|Any CPU.Build.0 = Release|Any CPU
		{A249AD10-B9B1-4ACD-A779-044DB8B7960E}.Release|x64.ActiveCfg = Release|Any CPU
		{A249AD10-B9B1-4ACD-A779-044DB8B7960E}.Release|x64.Build.0 = Release|Any CPU
		{A249AD10-B9B1-4ACD-A779-044DB8B7960E}.Release|x86.ActiveCfg = Release|Any CPU
		{A249AD10-B9B1-4ACD-A779-044DB8B7960E}.Release|x86.Build.0 = Release|Any CPU
	EndGlobalSection
	GlobalSection(SolutionProperties) = preSolution
		HideSolutionNode = FALSE
	EndGlobalSection
	GlobalSection(NestedProjects) = preSolution
		{49AE7C2C-59EE-44ED-A202-51EA3C38FE71} = {827E0CD3-B72D-47B6-A68D-7590B98EB39B}
		{21053466-D978-4B23-8A77-682B88397574} = {827E0CD3-B72D-47B6-A68D-7590B98EB39B}
		{F3BFBD9F-F120-407A-8E53-AECD8A38AC1D} = {827E0CD3-B72D-47B6-A68D-7590B98EB39B}
		{77044D1E-BF6B-440F-8C72-B19B54CC0CFF} = {827E0CD3-B72D-47B6-A68D-7590B98EB39B}
		{75F9E077-8746-4664-896A-E49785928994} = {0AB3BF05-4346-4AA6-1389-037BE0695223}
		{1D77309A-FD7A-4BD9-9BDA-A49029C44F97} = {0AB3BF05-4346-4AA6-1389-037BE0695223}
		{EA793AAF-643C-4928-8A8A-BD773908CFBB} = {0AB3BF05-4346-4AA6-1389-037BE0695223}
		{011285B7-7676-4A7E-AE1D-0BF46389E09E} = {0AB3BF05-4346-4AA6-1389-037BE0695223}
		{A249AD10-B9B1-4ACD-A779-044DB8B7960E} = {827E0CD3-B72D-47B6-A68D-7590B98EB39B}
	EndGlobalSection
EndGlobal
